# This file is generated by running "yarn install" inside your project.
# Manual changes might be lost - proceed with caution!

__metadata:
  version: 8
  cacheKey: 10c0

"@mongodb-js/saslprep@npm:^1.3.0":
  version: 1.4.11
  resolution: "@mongodb-js/saslprep@npm:1.4.11"
  dependencies:
    sparse-bitfield: "npm:^3.0.3"
  checksum: 10c0/fd80e94bcb0ae6330c4ad9873f429be08baf5d840b757b4feb377bd0e127d8338f898e7f887aceb9a7712a39756d10ab0634ec1096a2d30b2c7cbd62e2499fee
  languageName: node
  linkType: hard

"@types/webidl-conversions@npm:*":
  version: 7.0.3
  resolution: "@types/webidl-conversions@npm:7.0.3"
  checksum: 10c0/ac2ccff93b95ac7c8ca73dc6064403181691bba7ea144296f462dc9108a07be16cbad7b9c704b3df706dcc5a117e1f7bf7fb27aeb75b09c0f3148de8aee11aff
  languageName: node
  linkType: hard

"@types/whatwg-url@npm:^13.0.0":
  version: 13.0.0
  resolution: "@types/whatwg-url@npm:13.0.0"
  dependencies:
    "@types/webidl-conversions": "npm:*"
  checksum: 10c0/b7b53ae7b5290a0c26e2a5c6a2353af925fe9fc7ab0bbf642e8b76f65b39f638b471dadfda8da441aed3ca32cafd33b1a03459117c9ec85fd91b1e6c0e93044e
  languageName: node
  linkType: hard

"bson@npm:^7.2.0":
  version: 7.2.0
  resolution: "bson@npm:7.2.0"
  checksum: 10c0/f6d074d910a23e9fe2d6b6c2d1095ceab11f99e2b2e351062b396d5ea5c31ae276544582374e3c0c25e579d62c9187797c75460e48e8813306dc1d23ca1b0107
  languageName: node
  linkType: hard

"kareem@npm:3.3.0":
  version: 3.3.0
  resolution: "kareem@npm:3.3.0"
  checksum: 10c0/51b5adb120bb535ab905d8fa265ae0a5a1b865ac23164d62cfaa5a0fc8e66f4bf39a12cdfa3e76d3710af30b19bf17ca293c47cae6473f5b8721ca5ac83c6952
  languageName: node
  linkType: hard

"medinfo_sose_26@workspace:.":
  version: 0.0.0-use.local
  resolution: "medinfo_sose_26@workspace:."
  dependencies:
    mongoose: "npm:^9.6.3"
  languageName: unknown
  linkType: soft

"memory-pager@npm:^1.0.2":
  version: 1.5.0
  resolution: "memory-pager@npm:1.5.0"
  checksum: 10c0/2596e80c99fee24f05bd8a20cde2ee899012c996f4ec361ac76ed6f009f34149d733ac6f76880106ccd6a66d062ad439357578d383d429df66ba1278f68806e9
  languageName: node
  linkType: hard

"mongodb-connection-string-url@npm:^7.0.0":
  version: 7.0.1
  resolution: "mongodb-connection-string-url@npm:7.0.1"
  dependencies:
    "@types/whatwg-url": "npm:^13.0.0"
    whatwg-url: "npm:^14.1.0"
  checksum: 10c0/0124edacc556bfb8d7b63b7fe7a1d9e641120fb614ccd40e656c9a948d308280956d41e375ccee01738e13d0fdccaf6d5a95e81b70f05b901e721fa5a9bebd2c
  languageName: node
  linkType: hard

"mongodb@npm:~7.2":
  version: 7.2.0
  resolution: "mongodb@npm:7.2.0"
  dependencies:
    "@mongodb-js/saslprep": "npm:^1.3.0"
    bson: "npm:^7.2.0"
    mongodb-connection-string-url: "npm:^7.0.0"
  peerDependencies:
    "@aws-sdk/credential-providers": ^3.806.0
    "@mongodb-js/zstd": ^7.0.0
    gcp-metadata: ^7.0.1
    kerberos: ^7.0.0
    mongodb-client-encryption: ">=7.0.0 <7.1.0"
    snappy: ^7.3.2
    socks: ^2.8.6
  peerDependenciesMeta:
    "@aws-sdk/credential-providers":
      optional: true
    "@mongodb-js/zstd":
      optional: true
    gcp-metadata:
      optional: true
    kerberos:
      optional: true
    mongodb-client-encryption:
      optional: true
    snappy:
      optional: true
    socks:
      optional: true
  checksum: 10c0/f5644558fe97f73c4826d7b5bdf92c53903810cff03e9565535605c8b5c8a940d60aef6b52c4a5f001b2693da8eecf1a1ef36b12fbd886dc0faf9eb02e820b7a
  languageName: node
  linkType: hard

"mongoose@npm:^9.6.3":
  version: 9.6.3
  resolution: "mongoose@npm:9.6.3"
  dependencies:
    kareem: "npm:3.3.0"
    mongodb: "npm:~7.2"
    mpath: "npm:0.9.0"
    mquery: "npm:6.0.0"
    ms: "npm:2.1.3"
    sift: "npm:17.1.3"
  checksum: 10c0/877a38b04570c3b66898f74e1eaf61aad149b34abe172bb915d3bbfdc909fae31df007ec37ea9b12164a71efd1a2b642fd340ff96677170f8876d5b03bf12825
  languageName: node
  linkType: hard

"mpath@npm:0.9.0":
  version: 0.9.0
  resolution: "mpath@npm:0.9.0"
  checksum: 10c0/ac1a77ebbd44567f122fb3026c9647836215d5bb75b54064d1f3d998125644fe7a775b89441b94d4d60f43ad9638a12d830a9e29f36116e93b8cdfd111816e8f
  languageName: node
  linkType: hard

"mquery@npm:6.0.0":
  version: 6.0.0
  resolution: "mquery@npm:6.0.0"
  checksum: 10c0/5b566ad66d5de1d9213827e21ef87905c7e67ac07780a7f09ad3adf76e7537d5810138d3270633d06430e3ee7886205fbc174f3389e730e23ee8530993354b6b
  languageName: node
  linkType: hard

"ms@npm:2.1.3":
  version: 2.1.3
  resolution: "ms@npm:2.1.3"
  checksum: 10c0/d924b57e7312b3b63ad21fc5b3dc0af5e78d61a1fc7cfb5457edaf26326bf62be5307cc87ffb6862ef1c2b33b0233cdb5d4f01c4c958cc0d660948b65a287a48
  languageName: node
  linkType: hard

"punycode@npm:^2.3.1":
  version: 2.3.1
  resolution: "punycode@npm:2.3.1"
  checksum: 10c0/14f76a8206bc3464f794fb2e3d3cc665ae416c01893ad7a02b23766eb07159144ee612ad67af5e84fa4479ccfe67678c4feb126b0485651b302babf66f04f9e9
  languageName: node
  linkType: hard

"sift@npm:17.1.3":
  version: 17.1.3
  resolution: "sift@npm:17.1.3"
  checksum: 10c0/bb05d1d65cc9b549b402c1366ba1fcf685311808b6d5c2f4fa2f477d7b524218bbf6c99587562d5613d407820a6b5a7cad809f89c3f75c513ff5d8c0e0a0cead
  languageName: node
  linkType: hard

"sparse-bitfield@npm:^3.0.3":
  version: 3.0.3
  resolution: "sparse-bitfield@npm:3.0.3"
  dependencies:
    memory-pager: "npm:^1.0.2"
  checksum: 10c0/248c6ff7b5e354735e1daac4059222a29c9d291dfcf265daf675d13515eeaac454cfcccd687c8d134f86698b39abd7ad4d7434f7272dd6f8e41a00f21aae4194
  languageName: node
  linkType: hard

"tr46@npm:^5.1.0":
  version: 5.1.1
  resolution: "tr46@npm:5.1.1"
  dependencies:
    punycode: "npm:^2.3.1"
  checksum: 10c0/ae270e194d52ec67ebd695c1a42876e0f19b96e4aca2ab464ab1d9d17dc3acd3e18764f5034c93897db73421563be27c70c98359c4501136a497e46deda5d5ec
  languageName: node
  linkType: hard

"webidl-conversions@npm:^7.0.0":
  version: 7.0.0
  resolution: "webidl-conversions@npm:7.0.0"
  checksum: 10c0/228d8cb6d270c23b0720cb2d95c579202db3aaf8f633b4e9dd94ec2000a04e7e6e43b76a94509cdb30479bd00ae253ab2371a2da9f81446cc313f89a4213a2c4
  languageName: node
  linkType: hard

"whatwg-url@npm:^14.1.0":
  version: 14.2.0
  resolution: "whatwg-url@npm:14.2.0"
  dependencies:
    tr46: "npm:^5.1.0"
    webidl-conversions: "npm:^7.0.0"
  checksum: 10c0/f746fc2f4c906607d09537de1227b13f9494c171141e5427ed7d2c0dd0b6a48b43d8e71abaae57d368d0c06b673fd8ec63550b32ad5ed64990c7b0266c2b4272
  languageName: node
  linkType: hard
